
Microsoft Visual Studio Solution File, Format Version 12.00
# Visual Studio 15
VisualStudioVersion = 15.0.28307.168
MinimumVisualStudioVersion = 10.0.40219.1
Project("{FAE04EC0-301F-11D3-BF4B-00C04F79EFBC}") = "GeometricLayouts", "GeometricLayouts\GeometricLayouts.csproj", "{AFE6BCBF-49DE-48FF-A5BB-24B82A48CF58}"
EndProject
Project("{FAE04EC0-301F-11D3-BF4B-00C04F79EFBC}") = "GeometricLayouts.Test", "GeometricLayouts.Test\GeometricLayouts.Test.csproj", "{8DF37CD5-1F6D-4376-91CF-027B011B96C8}"
EndProject
Global
	GlobalSection(SolutionConfigurationPlatforms) = preSolution
		Debug|Any CPU = Debug|Any CPU
		Release|Any CPU = Release|Any CPU
	EndGlobalSection
	GlobalSection(ProjectConfigurationPlatforms) = postSolution
		{AFE6BCBF-49DE-48FF-A5BB-24B82A48CF58}.Debug|Any CPU.ActiveCfg = Debug|Any CPU
		{AFE6BCBF-49DE-48FF-A5BB-24B82A48CF58}.Debug|Any CPU.Build.0 = Debug|Any CPU
		{AFE6BCBF-49DE-48FF-A5BB-24B82A48CF58}.Release|Any CPU.ActiveCfg = Release|Any CPU
		{AFE6BCBF-49DE-48FF-A5BB-24B82A48CF58}.Release|Any CPU.Build.0 = Release|Any CPU
		{8DF37CD5-1F6D-4376-91CF-027B011B96C8}.Debug|Any CPU.ActiveCfg = Debug|Any CPU
		{8DF37CD5-1F6D-4376-91CF-027B011B96C8}.Debug|Any CPU.Build.0 = Debug|Any CPU
		{8DF37CD5-1F6D-4376-91CF-027B011B96C8}.Release|Any CPU.ActiveCfg = Release|Any CPU
		{8DF37CD5-1F6D-4376-91CF-027B011B96C8}.Release|Any CPU.Build.0 = Release|Any CPU
	EndGlobalSection
	GlobalSection(SolutionProperties) = preSolution
		HideSolutionNode = FALSE
	EndGlobalSection
	GlobalSection(ExtensibilityGlobals) = postSolution
		SolutionGuid = {3CDC3E13-F36C-4261-B0B3-E9D2D254C001}
	EndGlobalSection
EndGlobal
